
Microsoft Visual Studio Solution File, Format Version 12.00
# Visual Studio Version 17
VisualStudioVersion = 17.4.33213.308
MinimumVisualStudioVersion = 10.0.40219.1
Project("{9A19103F-16F7-4668-BE54-9A1E7A4F7556}") = "Searching Algorithms", "Searching Algorithms\Searching Algorithms.csproj", "{57066C12-8000-46FD-A13C-8716A28DAB2A}"
EndProject
Project("{9A19103F-16F7-4668-BE54-9A1E7A4F7556}") = "SortingAlgorithms", "SortingAlgorithms\SortingAlgorithms.csproj", "{27E43BDD-8904-45C8-848C-5FF60DC45506}"
EndProject
Project("{9A19103F-16F7-4668-BE54-9A1E7A4F7556}") = "GreedyAlgorithms", "GreedyAlgorithms\GreedyAlgorithms.csproj", "{895C26D2-AD46-45BC-BBC8-84852B095A60}"
EndProject
Project("{FAE04EC0-301F-11D3-BF4B-00C04F79EFBC}") = "Dynamic Programming", "Dynamic Programming\Dynamic Programming.csproj", "{F6A722CD-B066-463E-811D-9D9058FF2634}"
EndProject
Project("{FAE04EC0-301F-11D3-BF4B-00C04F79EFBC}") = "Graph", "Graph\Graph.csproj", "{3920E9FC-DA72-4DC0-9F50-76BF0FB1C000}"
EndProject
Global
	GlobalSection(SolutionConfigurationPlatforms) = preSolution
		Debug|Any CPU = Debug|Any CPU
		Release|Any CPU = Release|Any CPU
	EndGlobalSection
	GlobalSection(ProjectConfigurationPlatforms) = postSolution
		{57066C12-8000-46FD-A13C-8716A28DAB2A}.Debug|Any CPU.ActiveCfg = Debug|Any CPU
		{57066C12-8000-46FD-A13C-8716A28DAB2A}.Debug|Any CPU.Build.0 = Debug|Any CPU
		{57066C12-8000-46FD-A13C-8716A28DAB2A}.Release|Any CPU.ActiveCfg = Release|Any CPU
		{57066C12-8000-46FD-A13C-8716A28DAB2A}.Release|Any CPU.Build.0 = Release|Any CPU
		{27E43BDD-8904-45C8-848C-5FF60DC45506}.Debug|Any CPU.ActiveCfg = Debug|Any CPU
		{27E43BDD-8904-45C8-848C-5FF60DC45506}.Debug|Any CPU.Build.0 = Debug|Any CPU
		{27E43BDD-8904-45C8-848C-5FF60DC45506}.Release|Any CPU.ActiveCfg = Release|Any CPU
		{27E43BDD-8904-45C8-848C-5FF60DC45506}.Release|Any CPU.Build.0 = Release|Any CPU
		{895C26D2-AD46-45BC-BBC8-84852B095A60}.Debug|Any CPU.ActiveCfg = Debug|Any CPU
		{895C26D2-AD46-45BC-BBC8-84852B095A60}.Debug|Any CPU.Build.0 = Debug|Any CPU
		{895C26D2-AD46-45BC-BBC8-84852B095A60}.Release|Any CPU.ActiveCfg = Release|Any CPU
		{895C26D2-AD46-45BC-BBC8-84852B095A60}.Release|Any CPU.Build.0 = Release|Any CPU
		{F6A722CD-B066-463E-811D-9D9058FF2634}.Debug|Any CPU.ActiveCfg = Debug|Any CPU
		{F6A722CD-B066-463E-811D-9D9058FF2634}.Debug|Any CPU.Build.0 = Debug|Any CPU
		{F6A722CD-B066-463E-811D-9D9058FF2634}.Release|Any CPU.ActiveCfg = Release|Any CPU
		{F6A722CD-B066-463E-811D-9D9058FF2634}.Release|Any CPU.Build.0 = Release|Any CPU
		{3920E9FC-DA72-4DC0-9F50-76BF0FB1C000}.Debug|Any CPU.ActiveCfg = Debug|Any CPU
		{3920E9FC-DA72-4DC0-9F50-76BF0FB1C000}.Debug|Any CPU.Build.0 = Debug|Any CPU
		{3920E9FC-DA72-4DC0-9F50-76BF0FB1C000}.Release|Any CPU.ActiveCfg = Release|Any CPU
		{3920E9FC-DA72-4DC0-9F50-76BF0FB1C000}.Release|Any CPU.Build.0 = Release|Any CPU
	EndGlobalSection
	GlobalSection(SolutionProperties) = preSolution
		HideSolutionNode = FALSE
	EndGlobalSection
	GlobalSection(ExtensibilityGlobals) = postSolution
		SolutionGuid = {0FCC7FD6-8927-4D88-AE4B-AD28BA5AC8AB}
	EndGlobalSection
EndGlobal
